
Microsoft Visual Studio Solution File, Format Version 12.00
# Visual Studio 15
VisualStudioVersion = 15.0.28307.645
MinimumVisualStudioVersion = 10.0.40219.1
Project("{8BC9CEB8-8B4A-11D0-8D11-00A0C91BC942}") = "AccessingAndModifyingArrayElements", "AccessingAndModifyingArrayElements\AccessingAndModifyingArrayElements.vcxproj", "{25BBD451-43B6-4BAB-8E8B-236A5CE1660C}"
EndProject
Global
	GlobalSection(SolutionConfigurationPlatforms) = preSolution
		Debug|x64 = Debug|x64
		Debug|x86 = Debug|x86
		Release|x64 = Release|x64
		Release|x86 = Release|x86
	EndGlobalSection
	GlobalSection(ProjectConfigurationPlatforms) = postSolution
		{25BBD451-43B6-4BAB-8E8B-236A5CE1660C}.Debug|x64.ActiveCfg = Debug|x64
		{25BBD451-43B6-4BAB-8E8B-236A5CE1660C}.Debug|x64.Build.0 = Debug|x64
		{25BBD451-43B6-4BAB-8E8B-236A5CE1660C}.Debug|x86.ActiveCfg = Debug|Win32
		{25BBD451-43B6-4BAB-8E8B-236A5CE1660C}.Debug|x86.Build.0 = Debug|Win32
		{25BBD451-43B6-4BAB-8E8B-236A5CE1660C}.Release|x64.ActiveCfg = Release|x64
		{25BBD451-43B6-4BAB-8E8B-236A5CE1660C}.Release|x64.Build.0 = Release|x64
		{25BBD451-43B6-4BAB-8E8B-236A5CE1660C}.Release|x86.ActiveCfg = Release|Win32
		{25BBD451-43B6-4BAB-8E8B-236A5CE1660C}.Release|x86.Build.0 = Release|Win32
	EndGlobalSection
	GlobalSection(SolutionProperties) = preSolution
		HideSolutionNode = FALSE
	EndGlobalSection
	GlobalSection(ExtensibilityGlobals) = postSolution
		SolutionGuid = {C32931CA-1CB0-4D95-96A4-B898EDC9960B}
	EndGlobalSection
EndGlobal
